
Microsoft Visual Studio Solution File, Format Version 12.00
# Visual Studio Version 17
VisualStudioVersion = 17.1.32210.238
MinimumVisualStudioVersion = 10.0.40219.1
Project("{FAE04EC0-301F-11D3-BF4B-00C04F79EFBC}") = "HarmonicDemo", "HarmonicDemo\HarmonicDemo.csproj", "{00BF1C55-6E88-4646-AD40-D450B0AC2138}"
EndProject
Global
	GlobalSection(SolutionConfigurationPlatforms) = preSolution
		Debug|Any CPU = Debug|Any CPU
		Release|Any CPU = Release|Any CPU
	EndGlobalSection
	GlobalSection(ProjectConfigurationPlatforms) = postSolution
		{00BF1C55-6E88-4646-AD40-D450B0AC2138}.Debug|Any CPU.ActiveCfg = Debug|Any CPU
		{00BF1C55-6E88-4646-AD40-D450B0AC2138}.Debug|Any CPU.Build.0 = Debug|Any CPU
		{00BF1C55-6E88-4646-AD40-D450B0AC2138}.Release|Any CPU.ActiveCfg = Release|Any CPU
		{00BF1C55-6E88-4646-AD40-D450B0AC2138}.Release|Any CPU.Build.0 = Release|Any CPU
	EndGlobalSection
	GlobalSection(SolutionProperties) = preSolution
		HideSolutionNode = FALSE
	EndGlobalSection
	GlobalSection(ExtensibilityGlobals) = postSolution
		SolutionGuid = {94E86550-5343-4DC6-98C1-60F29C5A66EC}
	EndGlobalSection
EndGlobal
